// !$*UTF8*$!
{
	archiveVersion = 1;
	classes = {
	};
	objectVersion = 50;
	objects = {

/* Begin PBXBuildFile section */
		55CA5F95A4441EBBDB83C95B /* libPods-HuaTxQiDemo.a in Frameworks */ = {isa = PBXBuildFile; fileRef = 1EAD25167B7D171645B8C42A /* libPods-HuaTxQiDemo.a */; };
		A02F161B208DC547009834AB /* AppDelegate.m in Sources */ = {isa = PBXBuildFile; fileRef = A02F161A208DC546009834AB /* AppDelegate.m */; };
		A02F161E208DC547009834AB /* ViewController.m in Sources */ = {isa = PBXBuildFile; fileRef = A02F161D208DC547009834AB /* ViewController.m */; };
		A02F1623208DC547009834AB /* Assets.xcassets in Resources */ = {isa = PBXBuildFile; fileRef = A02F1622208DC547009834AB /* Assets.xcassets */; };
		A02F1626208DC547009834AB /* LaunchScreen.storyboard in Resources */ = {isa = PBXBuildFile; fileRef = A02F1624208DC547009834AB /* LaunchScreen.storyboard */; };
		A02F1629208DC547009834AB /* main.m in Sources */ = {isa = PBXBuildFile; fileRef = A02F1628208DC547009834AB /* main.m */; };
		A02F163A208DCD02009834AB /* HYBaseTabBarController.m in Sources */ = {isa = PBXBuildFile; fileRef = A02F1639208DCD02009834AB /* HYBaseTabBarController.m */; };
		A02F163D208DCD3B009834AB /* HYBaseNavigationController.m in Sources */ = {isa = PBXBuildFile; fileRef = A02F163C208DCD3B009834AB /* HYBaseNavigationController.m */; };
/* End PBXBuildFile section */

/* Begin PBXFileReference section */
		1EAD25167B7D171645B8C42A /* libPods-HuaTxQiDemo.a */ = {isa = PBXFileReference; explicitFileType = archive.ar; includeInIndex = 0; path = "libPods-HuaTxQiDemo.a"; sourceTree = BUILT_PRODUCTS_DIR; };
		A02F1616208DC546009834AB /* HuaTxQiDemo.app */ = {isa = PBXFileReference; explicitFileType = wrapper.application; includeInIndex = 0; path = HuaTxQiDemo.app; sourceTree = BUILT_PRODUCTS_DIR; };
		A02F1619208DC546009834AB /* AppDelegate.h */ = {isa = PBXFileReference; lastKnownFileType = sourcecode.c.h; path = AppDelegate.h; sourceTree = "<group>"; };
		A02F161A208DC546009834AB /* AppDelegate.m */ = {isa = PBXFileReference; lastKnownFileType = sourcecode.c.objc; path = AppDelegate.m; sourceTree = "<group>"; };
		A02F161C208DC547009834AB /* ViewController.h */ = {isa = PBXFileReference; lastKnownFileType = sourcecode.c.h; path = ViewController.h; sourceTree = "<group>"; };
		A02F161D208DC547009834AB /* ViewController.m */ = {isa = PBXFileReference; lastKnownFileType = sourcecode.c.objc; path = ViewController.m; sourceTree = "<group>"; };
		A02F1622208DC547009834AB /* Assets.xcassets */ = {isa = PBXFileReference; lastKnownFileType = folder.assetcatalog; path = Assets.xcassets; sourceTree = "<group>"; };
		A02F1625208DC547009834AB /* Base */ = {isa = PBXFileReference; lastKnownFileType = file.storyboard; name = Base; path = Base.lproj/LaunchScreen.storyboard; sourceTree = "<group>"; };
		A02F1627208DC547009834AB /* Info.plist */ = {isa = PBXFileReference; lastKnownFileType = text.plist.xml; path = Info.plist; sourceTree = "<group>"; };
		A02F1628208DC547009834AB /* main.m */ = {isa = PBXFileReference; lastKnownFileType = sourcecode.c.objc; path = main.m; sourceTree = "<group>"; };
		A02F1638208DCD02009834AB /* HYBaseTabBarController.h */ = {isa = PBXFileReference; lastKnownFileType = sourcecode.c.h; path = HYBaseTabBarController.h; sourceTree = "<group>"; };
		A02F1639208DCD02009834AB /* HYBaseTabBarController.m */ = {isa = PBXFileReference; lastKnownFileType = sourcecode.c.objc; path = HYBaseTabBarController.m; sourceTree = "<group>"; };
		A02F163B208DCD3B009834AB /* HYBaseNavigationController.h */ = {isa = PBXFileReference; lastKnownFileType = sourcecode.c.h; path = HYBaseNavigationController.h; sourceTree = "<group>"; };
		A02F163C208DCD3B009834AB /* HYBaseNavigationController.m */ = {isa = PBXFileReference; lastKnownFileType = sourcecode.c.objc; path = HYBaseNavigationController.m; sourceTree = "<group>"; };
		AEBE42A78B0C7A037AEF35C4 /* Pods-HuaTxQiDemo.release.xcconfig */ = {isa = PBXFileReference; includeInIndex = 1; lastKnownFileType = text.xcconfig; name = "Pods-HuaTxQiDemo.release.xcconfig"; path = "Pods/Target Support Files/Pods-HuaTxQiDemo/Pods-HuaTxQiDemo.release.xcconfig"; sourceTree = "<group>"; };
		B27FE3C715B28F4604D352A5 /* Pods-HuaTxQiDemo.debug.xcconfig */ = {isa = PBXFileReference; includeInIndex = 1; lastKnownFileType = text.xcconfig; name = "Pods-HuaTxQiDemo.debug.xcconfig"; path = "Pods/Target Support Files/Pods-HuaTxQiDemo/Pods-HuaTxQiDemo.debug.xcconfig"; sourceTree = "<group>"; };
/* End PBXFileReference section */

/* Begin PBXFrameworksBuildPhase section */
		A02F1613208DC546009834AB /* Frameworks */ = {
			isa = PBXFrameworksBuildPhase;
			buildActionMask = 2147483647;
			files = (
				55CA5F95A4441EBBDB83C95B /* libPods-HuaTxQiDemo.a in Frameworks */,
			);
			runOnlyForDeploymentPostprocessing = 0;
		};
/* End PBXFrameworksBuildPhase section */

/* Begin PBXGroup section */
		8FA1CF035672EDB78137F29F /* Pods */ = {
			isa = PBXGroup;
			children = (
				B27FE3C715B28F4604D352A5 /* Pods-HuaTxQiDemo.debug.xcconfig */,
				AEBE42A78B0C7A037AEF35C4 /* Pods-HuaTxQiDemo.release.xcconfig */,
			);
			name = Pods;
			sourceTree = "<group>";
		};
		A02F160D208DC546009834AB = {
			isa = PBXGroup;
			children = (
				A02F1618208DC546009834AB /* HuaTxQiDemo */,
				A02F1617208DC546009834AB /* Products */,
				8FA1CF035672EDB78137F29F /* Pods */,
				AC2DB22BA049F12D006B6DD6 /* Frameworks */,
			);
			sourceTree = "<group>";
		};
		A02F1617208DC546009834AB /* Products */ = {
			isa = PBXGroup;
			children = (
				A02F1616208DC546009834AB /* HuaTxQiDemo.app */,
			);
			name = Products;
			sourceTree = "<group>";
		};
		A02F1618208DC546009834AB /* HuaTxQiDemo */ = {
			isa = PBXGroup;
			children = (
				A02F1636208DCC8C009834AB /* Classes */,
				A02F1634208DCB3A009834AB /* Main */,
				A02F1635208DCB6E009834AB /* support */,
			);
			path = HuaTxQiDemo;
			sourceTree = "<group>";
		};
		A02F1634208DCB3A009834AB /* Main */ = {
			isa = PBXGroup;
			children = (
				A02F161D208DC547009834AB /* ViewController.m */,
				A02F1619208DC546009834AB /* AppDelegate.h */,
				A02F161C208DC547009834AB /* ViewController.h */,
				A02F161A208DC546009834AB /* AppDelegate.m */,
			);
			path = Main;
			sourceTree = "<group>";
		};
		A02F1635208DCB6E009834AB /* support */ = {
			isa = PBXGroup;
			children = (
				A02F1622208DC547009834AB /* Assets.xcassets */,
				A02F1624208DC547009834AB /* LaunchScreen.storyboard */,
				A02F1627208DC547009834AB /* Info.plist */,
				A02F1628208DC547009834AB /* main.m */,
			);
			path = support;
			sourceTree = "<group>";
		};
		A02F1636208DCC8C009834AB /* Classes */ = {
			isa = PBXGroup;
			children = (
				A02F1637208DCC99009834AB /* Base */,
			);
			path = Classes;
			sourceTree = "<group>";
		};
		A02F1637208DCC99009834AB /* Base */ = {
			isa = PBXGroup;
			children = (
				A02F1638208DCD02009834AB /* HYBaseTabBarController.h */,
				A02F1639208DCD02009834AB /* HYBaseTabBarController.m */,
				A02F163B208DCD3B009834AB /* HYBaseNavigationController.h */,
				A02F163C208DCD3B009834AB /* HYBaseNavigationController.m */,
			);
			path = Base;
			sourceTree = "<group>";
		};
		AC2DB22BA049F12D006B6DD6 /* Frameworks */ = {
			isa = PBXGroup;
			children = (
				1EAD25167B7D171645B8C42A /* libPods-HuaTxQiDemo.a */,
			);
			name = Frameworks;
			sourceTree = "<group>";
		};
/* End PBXGroup section */

/* Begin PBXNativeTarget section */
		A02F1615208DC546009834AB /* HuaTxQiDemo */ = {
			isa = PBXNativeTarget;
			buildConfigurationList = A02F162C208DC547009834AB /* Build configuration list for PBXNativeTarget "HuaTxQiDemo" */;
			buildPhases = (
				23D646DB72F22A85FE064117 /* [CP] Check Pods Manifest.lock */,
				A02F1612208DC546009834AB /* Sources */,
				A02F1613208DC546009834AB /* Frameworks */,
				A02F1614208DC546009834AB /* Resources */,
			);
			buildRules = (
			);
			dependencies = (
			);
			name = HuaTxQiDemo;
			productName = HuaTxQiDemo;
			productReference = A02F1616208DC546009834AB /* HuaTxQiDemo.app */;
			productType = "com.apple.product-type.application";
		};
/* End PBXNativeTarget section */

/* Begin PBXProject section */
		A02F160E208DC546009834AB /* Project object */ = {
			isa = PBXProject;
			attributes = {
				CLASSPREFIX = HY;
				LastUpgradeCheck = 0930;
				ORGANIZATIONNAME = MiHu;
				TargetAttributes = {
					A02F1615208DC546009834AB = {
						CreatedOnToolsVersion = 9.3;
					};
				};
			};
			buildConfigurationList = A02F1611208DC546009834AB /* Build configuration list for PBXProject "HuaTxQiDemo" */;
			compatibilityVersion = "Xcode 9.3";
			developmentRegion = en;
			hasScannedForEncodings = 0;
			knownRegions = (
				en,
				Base,
			);
			mainGroup = A02F160D208DC546009834AB;
			productRefGroup = A02F1617208DC546009834AB /* Products */;
			projectDirPath = "";
			projectRoot = "";
			targets = (
				A02F1615208DC546009834AB /* HuaTxQiDemo */,
			);
		};
/* End PBXProject section */

/* Begin PBXResourcesBuildPhase section */
		A02F1614208DC546009834AB /* Resources */ = {
			isa = PBXResourcesBuildPhase;
			buildActionMask = 2147483647;
			files = (
				A02F1626208DC547009834AB /* LaunchScreen.storyboard in Resources */,
				A02F1623208DC547009834AB /* Assets.xcassets in Resources */,
			);
			runOnlyForDeploymentPostprocessing = 0;
		};
/* End PBXResourcesBuildPhase section */

/* Begin PBXShellScriptBuildPhase section */
		23D646DB72F22A85FE064117 /* [CP] Check Pods Manifest.lock */ = {
			isa = PBXShellScriptBuildPhase;
			buildActionMask = 2147483647;
			files = (
			);
			inputPaths = (
				"${PODS_PODFILE_DIR_PATH}/Podfile.lock",
				"${PODS_ROOT}/Manifest.lock",
			);
			name = "[CP] Check Pods Manifest.lock";
			outputPaths = (
				"$(DERIVED_FILE_DIR)/Pods-HuaTxQiDemo-checkManifestLockResult.txt",
			);
			runOnlyForDeploymentPostprocessing = 0;
			shellPath = /bin/sh;
			shellScript = "diff \"${PODS_PODFILE_DIR_PATH}/Podfile.lock\" \"${PODS_ROOT}/Manifest.lock\" > /dev/null\nif [ $? != 0 ] ; then\n    # print error to STDERR\n    echo \"error: The sandbox is not in sync with the Podfile.lock. Run 'pod install' or update your CocoaPods installation.\" >&2\n    exit 1\nfi\n# This output is used by Xcode 'outputs' to avoid re-running this script phase.\necho \"SUCCESS\" > \"${SCRIPT_OUTPUT_FILE_0}\"\n";
			showEnvVarsInLog = 0;
		};
/* End PBXShellScriptBuildPhase section */

/* Begin PBXSourcesBuildPhase section */
		A02F1612208DC546009834AB /* Sources */ = {
			isa = PBXSourcesBuildPhase;
			buildActionMask = 2147483647;
			files = (
				A02F163D208DCD3B009834AB /* HYBaseNavigationController.m in Sources */,
				A02F161E208DC547009834AB /* ViewController.m in Sources */,
				A02F1629208DC547009834AB /* main.m in Sources */,
				A02F161B208DC547009834AB /* AppDelegate.m in Sources */,
				A02F163A208DCD02009834AB /* HYBaseTabBarController.m in Sources */,
			);
			runOnlyForDeploymentPostprocessing = 0;
		};
/* End PBXSourcesBuildPhase section */

/* Begin PBXVariantGroup section */
		A02F1624208DC547009834AB /* LaunchScreen.storyboard */ = {
			isa = PBXVariantGroup;
			children = (
				A02F1625208DC547009834AB /* Base */,
			);
			name = LaunchScreen.storyboard;
			sourceTree = "<group>";
		};
/* End PBXVariantGroup section */

/* Begin XCBuildConfiguration section */
		A02F162A208DC547009834AB /* Debug */ = {
			isa = XCBuildConfiguration;
			buildSettings = {
				ALWAYS_SEARCH_USER_PATHS = NO;
				CLANG_ANALYZER_NONNULL = YES;
				CLANG_ANALYZER_NUMBER_OBJECT_CONVERSION = YES_AGGRESSIVE;
				CLANG_CXX_LANGUAGE_STANDARD = "gnu++14";
				CLANG_CXX_LIBRARY = "libc++";
				CLANG_ENABLE_MODULES = YES;
				CLANG_ENABLE_OBJC_ARC = YES;
				CLANG_ENABLE_OBJC_WEAK = YES;
				CLANG_WARN_BLOCK_CAPTURE_AUTORELEASING = YES;
				CLANG_WARN_BOOL_CONVERSION = YES;
				CLANG_WARN_COMMA = YES;
				CLANG_WARN_CONSTANT_CONVERSION = YES;
				CLANG_WARN_DEPRECATED_OBJC_IMPLEMENTATIONS = YES;
				CLANG_WARN_DIRECT_OBJC_ISA_USAGE = YES_ERROR;
				CLANG_WARN_DOCUMENTATION_COMMENTS = YES;
				CLANG_WARN_EMPTY_BODY = YES;
				CLANG_WARN_ENUM_CONVERSION = YES;
				CLANG_WARN_INFINITE_RECURSION = YES;
				CLANG_WARN_INT_CONVERSION = YES;
				CLANG_WARN_NON_LITERAL_NULL_CONVERSION = YES;
				CLANG_WARN_OBJC_IMPLICIT_RETAIN_SELF = YES;
				CLANG_WARN_OBJC_LITERAL_CONVERSION = YES;
				CLANG_WARN_OBJC_ROOT_CLASS = YES_ERROR;
				CLANG_WARN_RANGE_LOOP_ANALYSIS = YES;
				CLANG_WARN_STRICT_PROTOTYPES = YES;
				CLANG_WARN_SUSPICIOUS_MOVE = YES;
				CLANG_WARN_UNGUARDED_AVAILABILITY = YES_AGGRESSIVE;
				CLANG_WARN_UNREACHABLE_CODE = YES;
				CLANG_WARN__DUPLICATE_METHOD_MATCH = YES;
				CODE_SIGN_IDENTITY = "iPhone Developer";
				COPY_PHASE_STRIP = NO;
				DEBUG_INFORMATION_FORMAT = dwarf;
				ENABLE_STRICT_OBJC_MSGSEND = YES;
				ENABLE_TESTABILITY = YES;
				GCC_C_LANGUAGE_STANDARD = gnu11;
				GCC_DYNAMIC_NO_PIC = NO;
				GCC_NO_COMMON_BLOCKS = YES;
				GCC_OPTIMIZATION_LEVEL = 0;
				GCC_PREPROCESSOR_DEFINITIONS = (
					"DEBUG=1",
					"$(inherited)",
				);
				GCC_WARN_64_TO_32_BIT_CONVERSION = YES;
				GCC_WARN_ABOUT_RETURN_TYPE = YES_ERROR;
				GCC_WARN_UNDECLARED_SELECTOR = YES;
				GCC_WARN_UNINITIALIZED_AUTOS = YES_AGGRESSIVE;
				GCC_WARN_UNUSED_FUNCTION = YES;
				GCC_WARN_UNUSED_VARIABLE = YES;
				IPHONEOS_DEPLOYMENT_TARGET = 11.3;
				MTL_ENABLE_DEBUG_INFO = YES;
				ONLY_ACTIVE_ARCH = YES;
				SDKROOT = iphoneos;
			};
			name = Debug;
		};
		A02F162B208DC547009834AB /* Release */ = {
			isa = XCBuildConfiguration;
			buildSettings = {
				ALWAYS_SEARCH_USER_PATHS = NO;
				CLANG_ANALYZER_NONNULL = YES;
				CLANG_ANALYZER_NUMBER_OBJECT_CONVERSION = YES_AGGRESSIVE;
				CLANG_CXX_LANGUAGE_STANDARD = "gnu++14";
				CLANG_CXX_LIBRARY = "libc++";
				CLANG_ENABLE_MODULES = YES;
				CLANG_ENABLE_OBJC_ARC = YES;
				CLANG_ENABLE_OBJC_WEAK = YES;
				CLANG_WARN_BLOCK_CAPTURE_AUTORELEASING = YES;
				CLANG_WARN_BOOL_CONVERSION = YES;
				CLANG_WARN_COMMA = YES;
				CLANG_WARN_CONSTANT_CONVERSION = YES;
				CLANG_WARN_DEPRECATED_OBJC_IMPLEMENTATIONS = YES;
				CLANG_WARN_DIRECT_OBJC_ISA_USAGE = YES_ERROR;
				CLANG_WARN_DOCUMENTATION_COMMENTS = YES;
				CLANG_WARN_EMPTY_BODY = YES;
				CLANG_WARN_ENUM_CONVERSION = YES;
				CLANG_WARN_INFINITE_RECURSION = YES;
				CLANG_WARN_INT_CONVERSION = YES;
				CLANG_WARN_NON_LITERAL_NULL_CONVERSION = YES;
				CLANG_WARN_OBJC_IMPLICIT_RETAIN_SELF = YES;
				CLANG_WARN_OBJC_LITERAL_CONVERSION = YES;
				CLANG_WARN_OBJC_ROOT_CLASS = YES_ERROR;
				CLANG_WARN_RANGE_LOOP_ANALYSIS = YES;
				CLANG_WARN_STRICT_PROTOTYPES = YES;
				CLANG_WARN_SUSPICIOUS_MOVE = YES;
				CLANG_WARN_UNGUARDED_AVAILABILITY = YES_AGGRESSIVE;
				CLANG_WARN_UNREACHABLE_CODE = YES;
				CLANG_WARN__DUPLICATE_METHOD_MATCH = YES;
				CODE_SIGN_IDENTITY = "iPhone Developer";
				COPY_PHASE_STRIP = NO;
				DEBUG_INFORMATION_FORMAT = "dwarf-with-dsym";
				ENABLE_NS_ASSERTIONS = NO;
				ENABLE_STRICT_OBJC_MSGSEND = YES;
				GCC_C_LANGUAGE_STANDARD = gnu11;
				GCC_NO_COMMON_BLOCKS = YES;
				GCC_WARN_64_TO_32_BIT_CONVERSION = YES;
				GCC_WARN_ABOUT_RETURN_TYPE = YES_ERROR;
				GCC_WARN_UNDECLARED_SELECTOR = YES;
				GCC_WARN_UNINITIALIZED_AUTOS = YES_AGGRESSIVE;
				GCC_WARN_UNUSED_FUNCTION = YES;
				GCC_WARN_UNUSED_VARIABLE = YES;
				IPHONEOS_DEPLOYMENT_TARGET = 11.3;
				MTL_ENABLE_DEBUG_INFO = NO;
				SDKROOT = iphoneos;
				VALIDATE_PRODUCT = YES;
			};
			name = Release;
		};
		A02F162D208DC547009834AB /* Debug */ = {
			isa = XCBuildConfiguration;
			baseConfigurationReference = B27FE3C715B28F4604D352A5 /* Pods-HuaTxQiDemo.debug.xcconfig */;
			buildSettings = {
				ASSETCATALOG_COMPILER_APPICON_NAME = AppIcon;
				CODE_SIGN_STYLE = Automatic;
				DEVELOPMENT_TEAM = P2NC3KCE36;
				INFOPLIST_FILE = "$(SRCROOT)/HuaTxQiDemo/support/Info.plist";
				IPHONEOS_DEPLOYMENT_TARGET = 9.0;
				LD_RUNPATH_SEARCH_PATHS = (
					"$(inherited)",
					"@executable_path/Frameworks",
				);
				PRODUCT_BUNDLE_IDENTIFIER = com.zhongwei.www.MacAir.HuaTxQiDemo;
				PRODUCT_NAME = "$(TARGET_NAME)";
				TARGETED_DEVICE_FAMILY = "1,2";
			};
			name = Debug;
		};
		A02F162E208DC547009834AB /* Release */ = {
			isa = XCBuildConfiguration;
			baseConfigurationReference = AEBE42A78B0C7A037AEF35C4 /* Pods-HuaTxQiDemo.release.xcconfig */;
			buildSettings = {
				ASSETCATALOG_COMPILER_APPICON_NAME = AppIcon;
				CODE_SIGN_STYLE = Automatic;
				DEVELOPMENT_TEAM = P2NC3KCE36;
				INFOPLIST_FILE = "$(SRCROOT)/HuaTxQiDemo/support/Info.plist";
				IPHONEOS_DEPLOYMENT_TARGET = 9.0;
				LD_RUNPATH_SEARCH_PATHS = (
					"$(inherited)",
					"@executable_path/Frameworks",
				);
				PRODUCT_BUNDLE_IDENTIFIER = com.zhongwei.www.MacAir.HuaTxQiDemo;
				PRODUCT_NAME = "$(TARGET_NAME)";
				TARGETED_DEVICE_FAMILY = "1,2";
			};
			name = Release;
		};
/* End XCBuildConfiguration section */

/* Begin XCConfigurationList section */
		A02F1611208DC546009834AB /* Build configuration list for PBXProject "HuaTxQiDemo" */ = {
			isa = XCConfigurationList;
			buildConfigurations = (
				A02F162A208DC547009834AB /* Debug */,
				A02F162B208DC547009834AB /* Release */,
			);
			defaultConfigurationIsVisible = 0;
			defaultConfigurationName = Release;
		};
		A02F162C208DC547009834AB /* Build configuration list for PBXNativeTarget "HuaTxQiDemo" */ = {
			isa = XCConfigurationList;
			buildConfigurations = (
				A02F162D208DC547009834AB /* Debug */,
				A02F162E208DC547009834AB /* Release */,
			);
			defaultConfigurationIsVisible = 0;
			defaultConfigurationName = Release;
		};
/* End XCConfigurationList section */
	};
	rootObject = A02F160E208DC546009834AB /* Project object */;
}
